
Microsoft Visual Studio Solution File, Format Version 12.00
# Visual Studio Version 16
VisualStudioVersion = 16.0.32002.261
MinimumVisualStudioVersion = 10.0.40219.1
Project("{9A19103F-16F7-4668-BE54-9A1E7A4F7556}") = "COREDEMO", "COREDEMO.csproj", "{15C6A588-28D0-4590-AF37-6DC087494BA5}"
EndProject
Project("{FAE04EC0-301F-11D3-BF4B-00C04F79EFBC}") = "ent", "..\ent\ent.csproj", "{25FDF17B-7BFE-4727-8839-2A4F4012149A}"
EndProject
Project("{FAE04EC0-301F-11D3-BF4B-00C04F79EFBC}") = "dataaccesslayer", "..\dataaccesslayer\dataaccesslayer.csproj", "{D0F79C98-B074-413F-B4BA-90A28AB53E87}"
EndProject
Project("{FAE04EC0-301F-11D3-BF4B-00C04F79EFBC}") = "businesslayer", "..\businesslayer\businesslayer.csproj", "{39113139-61AB-4CC4-A620-25FCA71AF591}"
EndProject
Project("{FAE04EC0-301F-11D3-BF4B-00C04F79EFBC}") = "corelayer", "..\corelayer\corelayer.csproj", "{AD3CF292-C155-4CDF-A805-68EB074FF796}"
EndProject
Global
	GlobalSection(SolutionConfigurationPlatforms) = preSolution
		Debug|Any CPU = Debug|Any CPU
		Release|Any CPU = Release|Any CPU
	EndGlobalSection
	GlobalSection(ProjectConfigurationPlatforms) = postSolution
		{15C6A588-28D0-4590-AF37-6DC087494BA5}.Debug|Any CPU.ActiveCfg = Debug|Any CPU
		{15C6A588-28D0-4590-AF37-6DC087494BA5}.Debug|Any CPU.Build.0 = Debug|Any CPU
		{15C6A588-28D0-4590-AF37-6DC087494BA5}.Release|Any CPU.ActiveCfg = Release|Any CPU
		{15C6A588-28D0-4590-AF37-6DC087494BA5}.Release|Any CPU.Build.0 = Release|Any CPU
		{25FDF17B-7BFE-4727-8839-2A4F4012149A}.Debug|Any CPU.ActiveCfg = Debug|Any CPU
		{25FDF17B-7BFE-4727-8839-2A4F4012149A}.Debug|Any CPU.Build.0 = Debug|Any CPU
		{25FDF17B-7BFE-4727-8839-2A4F4012149A}.Release|Any CPU.ActiveCfg = Release|Any CPU
		{25FDF17B-7BFE-4727-8839-2A4F4012149A}.Release|Any CPU.Build.0 = Release|Any CPU
		{D0F79C98-B074-413F-B4BA-90A28AB53E87}.Debug|Any CPU.ActiveCfg = Debug|Any CPU
		{D0F79C98-B074-413F-B4BA-90A28AB53E87}.Debug|Any CPU.Build.0 = Debug|Any CPU
		{D0F79C98-B074-413F-B4BA-90A28AB53E87}.Release|Any CPU.ActiveCfg = Release|Any CPU
		{D0F79C98-B074-413F-B4BA-90A28AB53E87}.Release|Any CPU.Build.0 = Release|Any CPU
		{39113139-61AB-4CC4-A620-25FCA71AF591}.Debug|Any CPU.ActiveCfg = Debug|Any CPU
		{39113139-61AB-4CC4-A620-25FCA71AF591}.Debug|Any CPU.Build.0 = Debug|Any CPU
		{39113139-61AB-4CC4-A620-25FCA71AF591}.Release|Any CPU.ActiveCfg = Release|Any CPU
		{39113139-61AB-4CC4-A620-25FCA71AF591}.Release|Any CPU.Build.0 = Release|Any CPU
		{AD3CF292-C155-4CDF-A805-68EB074FF796}.Debug|Any CPU.ActiveCfg = Debug|Any CPU
		{AD3CF292-C155-4CDF-A805-68EB074FF796}.Debug|Any CPU.Build.0 = Debug|Any CPU
		{AD3CF292-C155-4CDF-A805-68EB074FF796}.Release|Any CPU.ActiveCfg = Release|Any CPU
		{AD3CF292-C155-4CDF-A805-68EB074FF796}.Release|Any CPU.Build.0 = Release|Any CPU
	EndGlobalSection
	GlobalSection(SolutionProperties) = preSolution
		HideSolutionNode = FALSE
	EndGlobalSection
	GlobalSection(ExtensibilityGlobals) = postSolution
		SolutionGuid = {FF46C998-80F0-4E25-85E2-CB89095976E1}
	EndGlobalSection
EndGlobal
